
Microsoft Visual Studio Solution File, Format Version 12.00
# Visual Studio Version 17
VisualStudioVersion = 17.9.34902.65
MinimumVisualStudioVersion = 10.0.40219.1
Project("{9A19103F-16F7-4668-BE54-9A1E7A4F7556}") = "01. Change List", "01. Change List\01. Change List.csproj", "{BED87BD7-A874-4C7F-803B-251EA73BAE43}"
EndProject
Project("{9A19103F-16F7-4668-BE54-9A1E7A4F7556}") = "02.ListofProducts", "02.ListofProducts\02.ListofProducts.csproj", "{0D76C642-6696-49EB-A238-EC89C7F4FC84}"
EndProject
Project("{9A19103F-16F7-4668-BE54-9A1E7A4F7556}") = "03.RemoveNegativesandReverse", "03.RemoveNegativesandReverse\03.RemoveNegativesandReverse.csproj", "{610B5C3D-2DB5-4476-8503-DA7A696DDC47}"
EndProject
Project("{FAE04EC0-301F-11D3-BF4B-00C04F79EFBC}") = "04.ListManipulationBasics", "04.ListManipulationBasics\04.ListManipulationBasics.csproj", "{B37EE76C-74E7-401E-B234-AC2E4D932532}"
EndProject
Project("{FAE04EC0-301F-11D3-BF4B-00C04F79EFBC}") = "05.ListManipulationAdvanced", "05.ListManipulationAdvanced\05.ListManipulationAdvanced.csproj", "{BCFCCAD8-4058-4DCF-9432-942722FC2AC6}"
EndProject
Global
	GlobalSection(SolutionConfigurationPlatforms) = preSolution
		Debug|Any CPU = Debug|Any CPU
		Release|Any CPU = Release|Any CPU
	EndGlobalSection
	GlobalSection(ProjectConfigurationPlatforms) = postSolution
		{BED87BD7-A874-4C7F-803B-251EA73BAE43}.Debug|Any CPU.ActiveCfg = Debug|Any CPU
		{BED87BD7-A874-4C7F-803B-251EA73BAE43}.Debug|Any CPU.Build.0 = Debug|Any CPU
		{BED87BD7-A874-4C7F-803B-251EA73BAE43}.Release|Any CPU.ActiveCfg = Release|Any CPU
		{BED87BD7-A874-4C7F-803B-251EA73BAE43}.Release|Any CPU.Build.0 = Release|Any CPU
		{0D76C642-6696-49EB-A238-EC89C7F4FC84}.Debug|Any CPU.ActiveCfg = Debug|Any CPU
		{0D76C642-6696-49EB-A238-EC89C7F4FC84}.Debug|Any CPU.Build.0 = Debug|Any CPU
		{0D76C642-6696-49EB-A238-EC89C7F4FC84}.Release|Any CPU.ActiveCfg = Release|Any CPU
		{0D76C642-6696-49EB-A238-EC89C7F4FC84}.Release|Any CPU.Build.0 = Release|Any CPU
		{610B5C3D-2DB5-4476-8503-DA7A696DDC47}.Debug|Any CPU.ActiveCfg = Debug|Any CPU
		{610B5C3D-2DB5-4476-8503-DA7A696DDC47}.Debug|Any CPU.Build.0 = Debug|Any CPU
		{610B5C3D-2DB5-4476-8503-DA7A696DDC47}.Release|Any CPU.ActiveCfg = Release|Any CPU
		{610B5C3D-2DB5-4476-8503-DA7A696DDC47}.Release|Any CPU.Build.0 = Release|Any CPU
		{B37EE76C-74E7-401E-B234-AC2E4D932532}.Debug|Any CPU.ActiveCfg = Debug|Any CPU
		{B37EE76C-74E7-401E-B234-AC2E4D932532}.Debug|Any CPU.Build.0 = Debug|Any CPU
		{B37EE76C-74E7-401E-B234-AC2E4D932532}.Release|Any CPU.ActiveCfg = Release|Any CPU
		{B37EE76C-74E7-401E-B234-AC2E4D932532}.Release|Any CPU.Build.0 = Release|Any CPU
		{BCFCCAD8-4058-4DCF-9432-942722FC2AC6}.Debug|Any CPU.ActiveCfg = Debug|Any CPU
		{BCFCCAD8-4058-4DCF-9432-942722FC2AC6}.Debug|Any CPU.Build.0 = Debug|Any CPU
		{BCFCCAD8-4058-4DCF-9432-942722FC2AC6}.Release|Any CPU.ActiveCfg = Release|Any CPU
		{BCFCCAD8-4058-4DCF-9432-942722FC2AC6}.Release|Any CPU.Build.0 = Release|Any CPU
	EndGlobalSection
	GlobalSection(SolutionProperties) = preSolution
		HideSolutionNode = FALSE
	EndGlobalSection
	GlobalSection(ExtensibilityGlobals) = postSolution
		SolutionGuid = {004F7AE1-2170-4BB5-8A7A-31938C39ED0D}
	EndGlobalSection
EndGlobal
